{
  "name": "avoidable",
  "version": "1.0.0",
  "lockfileVersion": 1,
  "requires": true,
  "dependencies": {
    "react-native-safe-area-context": {
      "version": "4.2.4",
      "resolved": "https://registry.npmjs.org/react-native-safe-area-context/-/react-native-safe-area-context-4.2.4.tgz",
      "integrity": "sha512-OOX+W2G4YYufvryonn6Kw6YnyT8ZThkxPHZBD04NLHaZmicUaaDVII/PZ3M5fD1o5N62+T+8K4bCS5Un2ggvkA=="
    }
  }
}
